
Microsoft Visual Studio Solution File, Format Version 12.00
# Visual Studio Version 16
VisualStudioVersion = 16.0.31424.327
MinimumVisualStudioVersion = 10.0.40219.1
Project("{FAE04EC0-301F-11D3-BF4B-00C04F79EFBC}") = "Narumikazuchi.Serialization", "Narumikazuchi.Serialization\Narumikazuchi.Serialization.csproj", "{EDABC30A-3A73-4D6F-8C8F-2E0F274AB369}"
EndProject
Project("{FAE04EC0-301F-11D3-BF4B-00C04F79EFBC}") = "Narumikazuchi.Serialization.Bytes", "Narumikazuchi.Serialization.Bytes\Narumikazuchi.Serialization.Bytes.csproj", "{58E203BA-D322-40FB-90FF-62724E9207C5}"
EndProject
Global
	GlobalSection(SolutionConfigurationPlatforms) = preSolution
		Debug|Any CPU = Debug|Any CPU
		Release|Any CPU = Release|Any CPU
	EndGlobalSection
	GlobalSection(ProjectConfigurationPlatforms) = postSolution
		{EDABC30A-3A73-4D6F-8C8F-2E0F274AB369}.Debug|Any CPU.ActiveCfg = Debug|Any CPU
		{EDABC30A-3A73-4D6F-8C8F-2E0F274AB369}.Debug|Any CPU.Build.0 = Debug|Any CPU
		{EDABC30A-3A73-4D6F-8C8F-2E0F274AB369}.Release|Any CPU.ActiveCfg = Release|Any CPU
		{EDABC30A-3A73-4D6F-8C8F-2E0F274AB369}.Release|Any CPU.Build.0 = Release|Any CPU
		{58E203BA-D322-40FB-90FF-62724E9207C5}.Debug|Any CPU.ActiveCfg = Debug|Any CPU
		{58E203BA-D322-40FB-90FF-62724E9207C5}.Debug|Any CPU.Build.0 = Debug|Any CPU
		{58E203BA-D322-40FB-90FF-62724E9207C5}.Release|Any CPU.ActiveCfg = Release|Any CPU
		{58E203BA-D322-40FB-90FF-62724E9207C5}.Release|Any CPU.Build.0 = Release|Any CPU
	EndGlobalSection
	GlobalSection(SolutionProperties) = preSolution
		HideSolutionNode = FALSE
	EndGlobalSection
	GlobalSection(ExtensibilityGlobals) = postSolution
		SolutionGuid = {3C4F8C63-7D93-4A4E-B67B-E6ACC810C964}
	EndGlobalSection
EndGlobal
